// !$*UTF8*$!
{
	archiveVersion = 1;
	classes = {
	};
	objectVersion = 50;
	objects = {

/* Begin PBXBuildFile section */
		AF116B3F21C156B100D15E7E /* AppDelegate.swift in Sources */ = {isa = PBXBuildFile; fileRef = AF116B3E21C156B100D15E7E /* AppDelegate.swift */; };
		AF116B4121C156B100D15E7E /* ExampleViewController.swift in Sources */ = {isa = PBXBuildFile; fileRef = AF116B4021C156B100D15E7E /* ExampleViewController.swift */; };
		AF116B4421C156B100D15E7E /* Main.storyboard in Resources */ = {isa = PBXBuildFile; fileRef = AF116B4221C156B100D15E7E /* Main.storyboard */; };
		AF116B4621C156B400D15E7E /* Assets.xcassets in Resources */ = {isa = PBXBuildFile; fileRef = AF116B4521C156B400D15E7E /* Assets.xcassets */; };
		AF116B4921C156B400D15E7E /* LaunchScreen.storyboard in Resources */ = {isa = PBXBuildFile; fileRef = AF116B4721C156B400D15E7E /* LaunchScreen.storyboard */; };
		AF116B5221C161B900D15E7E /* UIColor+Main.swift in Sources */ = {isa = PBXBuildFile; fileRef = AF116B5121C161B900D15E7E /* UIColor+Main.swift */; };
		AF116B5421C1621000D15E7E /* ExampleViewController+PresentWhatsNew.swift in Sources */ = {isa = PBXBuildFile; fileRef = AF116B5321C1621000D15E7E /* ExampleViewController+PresentWhatsNew.swift */; };
		CE8BEC70D383263FD25A04AD /* Pods_WhatsNew.framework in Frameworks */ = {isa = PBXBuildFile; fileRef = 2ACE2D21A53D964C637A73FD /* Pods_WhatsNew.framework */; };
/* End PBXBuildFile section */

/* Begin PBXFileReference section */
		2ACE2D21A53D964C637A73FD /* Pods_WhatsNew.framework */ = {isa = PBXFileReference; explicitFileType = wrapper.framework; includeInIndex = 0; path = Pods_WhatsNew.framework; sourceTree = BUILT_PRODUCTS_DIR; };
		35D81355A373F3C919008881 /* Pods-WhatsNew.release.xcconfig */ = {isa = PBXFileReference; includeInIndex = 1; lastKnownFileType = text.xcconfig; name = "Pods-WhatsNew.release.xcconfig"; path = "Pods/Target Support Files/Pods-WhatsNew/Pods-WhatsNew.release.xcconfig"; sourceTree = "<group>"; };
		AF116B3B21C156B100D15E7E /* WhatsNew.app */ = {isa = PBXFileReference; explicitFileType = wrapper.application; includeInIndex = 0; path = WhatsNew.app; sourceTree = BUILT_PRODUCTS_DIR; };
		AF116B3E21C156B100D15E7E /* AppDelegate.swift */ = {isa = PBXFileReference; lastKnownFileType = sourcecode.swift; path = AppDelegate.swift; sourceTree = "<group>"; };
		AF116B4021C156B100D15E7E /* ExampleViewController.swift */ = {isa = PBXFileReference; lastKnownFileType = sourcecode.swift; path = ExampleViewController.swift; sourceTree = "<group>"; };
		AF116B4321C156B100D15E7E /* Base */ = {isa = PBXFileReference; lastKnownFileType = file.storyboard; name = Base; path = Base.lproj/Main.storyboard; sourceTree = "<group>"; };
		AF116B4521C156B400D15E7E /* Assets.xcassets */ = {isa = PBXFileReference; lastKnownFileType = folder.assetcatalog; path = Assets.xcassets; sourceTree = "<group>"; };
		AF116B4821C156B400D15E7E /* Base */ = {isa = PBXFileReference; lastKnownFileType = file.storyboard; name = Base; path = Base.lproj/LaunchScreen.storyboard; sourceTree = "<group>"; };
		AF116B4A21C156B400D15E7E /* Info.plist */ = {isa = PBXFileReference; lastKnownFileType = text.plist.xml; path = Info.plist; sourceTree = "<group>"; };
		AF116B5121C161B900D15E7E /* UIColor+Main.swift */ = {isa = PBXFileReference; lastKnownFileType = sourcecode.swift; path = "UIColor+Main.swift"; sourceTree = "<group>"; };
		AF116B5321C1621000D15E7E /* ExampleViewController+PresentWhatsNew.swift */ = {isa = PBXFileReference; lastKnownFileType = sourcecode.swift; path = "ExampleViewController+PresentWhatsNew.swift"; sourceTree = "<group>"; };
		EFDA009D3900C2738A34E4B6 /* Pods-WhatsNew.debug.xcconfig */ = {isa = PBXFileReference; includeInIndex = 1; lastKnownFileType = text.xcconfig; name = "Pods-WhatsNew.debug.xcconfig"; path = "Pods/Target Support Files/Pods-WhatsNew/Pods-WhatsNew.debug.xcconfig"; sourceTree = "<group>"; };
/* End PBXFileReference section */

/* Begin PBXFrameworksBuildPhase section */
		AF116B3821C156B100D15E7E /* Frameworks */ = {
			isa = PBXFrameworksBuildPhase;
			buildActionMask = 2147483647;
			files = (
				CE8BEC70D383263FD25A04AD /* Pods_WhatsNew.framework in Frameworks */,
			);
			runOnlyForDeploymentPostprocessing = 0;
		};
/* End PBXFrameworksBuildPhase section */

/* Begin PBXGroup section */
		92967EA8680941425A1AA48C /* Pods */ = {
			isa = PBXGroup;
			children = (
				EFDA009D3900C2738A34E4B6 /* Pods-WhatsNew.debug.xcconfig */,
				35D81355A373F3C919008881 /* Pods-WhatsNew.release.xcconfig */,
			);
			name = Pods;
			sourceTree = "<group>";
		};
		AF116B3221C156B100D15E7E = {
			isa = PBXGroup;
			children = (
				AF116B3D21C156B100D15E7E /* WhatsNew */,
				AF116B3C21C156B100D15E7E /* Products */,
				92967EA8680941425A1AA48C /* Pods */,
				FEC699A66CD2EAD2CF0E5874 /* Frameworks */,
			);
			sourceTree = "<group>";
		};
		AF116B3C21C156B100D15E7E /* Products */ = {
			isa = PBXGroup;
			children = (
				AF116B3B21C156B100D15E7E /* WhatsNew.app */,
			);
			name = Products;
			sourceTree = "<group>";
		};
		AF116B3D21C156B100D15E7E /* WhatsNew */ = {
			isa = PBXGroup;
			children = (
				AF116B3E21C156B100D15E7E /* AppDelegate.swift */,
				AF116B4021C156B100D15E7E /* ExampleViewController.swift */,
				AF116B5321C1621000D15E7E /* ExampleViewController+PresentWhatsNew.swift */,
				AF116B4221C156B100D15E7E /* Main.storyboard */,
				AF116B4521C156B400D15E7E /* Assets.xcassets */,
				AF116B4721C156B400D15E7E /* LaunchScreen.storyboard */,
				AF116B4A21C156B400D15E7E /* Info.plist */,
				AF116B5121C161B900D15E7E /* UIColor+Main.swift */,
			);
			path = WhatsNew;
			sourceTree = "<group>";
		};
		FEC699A66CD2EAD2CF0E5874 /* Frameworks */ = {
			isa = PBXGroup;
			children = (
				2ACE2D21A53D964C637A73FD /* Pods_WhatsNew.framework */,
			);
			name = Frameworks;
			sourceTree = "<group>";
		};
/* End PBXGroup section */

/* Begin PBXNativeTarget section */
		AF116B3A21C156B100D15E7E /* WhatsNew */ = {
			isa = PBXNativeTarget;
			buildConfigurationList = AF116B4D21C156B400D15E7E /* Build configuration list for PBXNativeTarget "WhatsNew" */;
			buildPhases = (
				3ED868815ABA4D22C6A08FB2 /* [CP] Check Pods Manifest.lock */,
				AF116B3721C156B100D15E7E /* Sources */,
				AF116B3821C156B100D15E7E /* Frameworks */,
				AF116B3921C156B100D15E7E /* Resources */,
				43870ED5CE56F99D0FE3210B /* [CP] Embed Pods Frameworks */,
			);
			buildRules = (
			);
			dependencies = (
			);
			name = WhatsNew;
			productName = WhatsNew;
			productReference = AF116B3B21C156B100D15E7E /* WhatsNew.app */;
			productType = "com.apple.product-type.application";
		};
/* End PBXNativeTarget section */

/* Begin PBXProject section */
		AF116B3321C156B100D15E7E /* Project object */ = {
			isa = PBXProject;
			attributes = {
				LastSwiftUpdateCheck = 1010;
				LastUpgradeCheck = 1010;
				ORGANIZATIONNAME = "Abdelrahman Mohamed";
				TargetAttributes = {
					AF116B3A21C156B100D15E7E = {
						CreatedOnToolsVersion = 10.1;
					};
				};
			};
			buildConfigurationList = AF116B3621C156B100D15E7E /* Build configuration list for PBXProject "WhatsNew" */;
			compatibilityVersion = "Xcode 9.3";
			developmentRegion = en;
			hasScannedForEncodings = 0;
			knownRegions = (
				en,
				Base,
			);
			mainGroup = AF116B3221C156B100D15E7E;
			productRefGroup = AF116B3C21C156B100D15E7E /* Products */;
			projectDirPath = "";
			projectRoot = "";
			targets = (
				AF116B3A21C156B100D15E7E /* WhatsNew */,
			);
		};
/* End PBXProject section */

/* Begin PBXResourcesBuildPhase section */
		AF116B3921C156B100D15E7E /* Resources */ = {
			isa = PBXResourcesBuildPhase;
			buildActionMask = 2147483647;
			files = (
				AF116B4921C156B400D15E7E /* LaunchScreen.storyboard in Resources */,
				AF116B4621C156B400D15E7E /* Assets.xcassets in Resources */,
				AF116B4421C156B100D15E7E /* Main.storyboard in Resources */,
			);
			runOnlyForDeploymentPostprocessing = 0;
		};
/* End PBXResourcesBuildPhase section */

/* Begin PBXShellScriptBuildPhase section */
		3ED868815ABA4D22C6A08FB2 /* [CP] Check Pods Manifest.lock */ = {
			isa = PBXShellScriptBuildPhase;
			buildActionMask = 2147483647;
			files = (
			);
			inputFileListPaths = (
			);
			inputPaths = (
				"${PODS_PODFILE_DIR_PATH}/Podfile.lock",
				"${PODS_ROOT}/Manifest.lock",
			);
			name = "[CP] Check Pods Manifest.lock";
			outputFileListPaths = (
			);
			outputPaths = (
				"$(DERIVED_FILE_DIR)/Pods-WhatsNew-checkManifestLockResult.txt",
			);
			runOnlyForDeploymentPostprocessing = 0;
			shellPath = /bin/sh;
			shellScript = "diff \"${PODS_PODFILE_DIR_PATH}/Podfile.lock\" \"${PODS_ROOT}/Manifest.lock\" > /dev/null\nif [ $? != 0 ] ; then\n    # print error to STDERR\n    echo \"error: The sandbox is not in sync with the Podfile.lock. Run 'pod install' or update your CocoaPods installation.\" >&2\n    exit 1\nfi\n# This output is used by Xcode 'outputs' to avoid re-running this script phase.\necho \"SUCCESS\" > \"${SCRIPT_OUTPUT_FILE_0}\"\n";
			showEnvVarsInLog = 0;
		};
		43870ED5CE56F99D0FE3210B /* [CP] Embed Pods Frameworks */ = {
			isa = PBXShellScriptBuildPhase;
			buildActionMask = 2147483647;
			files = (
			);
			inputFileListPaths = (
			);
			inputPaths = (
				"${SRCROOT}/Pods/Target Support Files/Pods-WhatsNew/Pods-WhatsNew-frameworks.sh",
				"${BUILT_PRODUCTS_DIR}/WhatsNewKit/WhatsNewKit.framework",
			);
			name = "[CP] Embed Pods Frameworks";
			outputFileListPaths = (
			);
			outputPaths = (
				"${TARGET_BUILD_DIR}/${FRAMEWORKS_FOLDER_PATH}/WhatsNewKit.framework",
			);
			runOnlyForDeploymentPostprocessing = 0;
			shellPath = /bin/sh;
			shellScript = "\"${SRCROOT}/Pods/Target Support Files/Pods-WhatsNew/Pods-WhatsNew-frameworks.sh\"\n";
			showEnvVarsInLog = 0;
		};
/* End PBXShellScriptBuildPhase section */

/* Begin PBXSourcesBuildPhase section */
		AF116B3721C156B100D15E7E /* Sources */ = {
			isa = PBXSourcesBuildPhase;
			buildActionMask = 2147483647;
			files = (
				AF116B5221C161B900D15E7E /* UIColor+Main.swift in Sources */,
				AF116B4121C156B100D15E7E /* ExampleViewController.swift in Sources */,
				AF116B5421C1621000D15E7E /* ExampleViewController+PresentWhatsNew.swift in Sources */,
				AF116B3F21C156B100D15E7E /* AppDelegate.swift in Sources */,
			);
			runOnlyForDeploymentPostprocessing = 0;
		};
/* End PBXSourcesBuildPhase section */

/* Begin PBXVariantGroup section */
		AF116B4221C156B100D15E7E /* Main.storyboard */ = {
			isa = PBXVariantGroup;
			children = (
				AF116B4321C156B100D15E7E /* Base */,
			);
			name = Main.storyboard;
			sourceTree = "<group>";
		};
		AF116B4721C156B400D15E7E /* LaunchScreen.storyboard */ = {
			isa = PBXVariantGroup;
			children = (
				AF116B4821C156B400D15E7E /* Base */,
			);
			name = LaunchScreen.storyboard;
			sourceTree = "<group>";
		};
/* End PBXVariantGroup section */

/* Begin XCBuildConfiguration section */
		AF116B4B21C156B400D15E7E /* Debug */ = {
			isa = XCBuildConfiguration;
			buildSettings = {
				ALWAYS_SEARCH_USER_PATHS = NO;
				CLANG_ANALYZER_NONNULL = YES;
				CLANG_ANALYZER_NUMBER_OBJECT_CONVERSION = YES_AGGRESSIVE;
				CLANG_CXX_LANGUAGE_STANDARD = "gnu++14";
				CLANG_CXX_LIBRARY = "libc++";
				CLANG_ENABLE_MODULES = YES;
				CLANG_ENABLE_OBJC_ARC = YES;
				CLANG_ENABLE_OBJC_WEAK = YES;
				CLANG_WARN_BLOCK_CAPTURE_AUTORELEASING = YES;
				CLANG_WARN_BOOL_CONVERSION = YES;
				CLANG_WARN_COMMA = YES;
				CLANG_WARN_CONSTANT_CONVERSION = YES;
				CLANG_WARN_DEPRECATED_OBJC_IMPLEMENTATIONS = YES;
				CLANG_WARN_DIRECT_OBJC_ISA_USAGE = YES_ERROR;
				CLANG_WARN_DOCUMENTATION_COMMENTS = YES;
				CLANG_WARN_EMPTY_BODY = YES;
				CLANG_WARN_ENUM_CONVERSION = YES;
				CLANG_WARN_INFINITE_RECURSION = YES;
				CLANG_WARN_INT_CONVERSION = YES;
				CLANG_WARN_NON_LITERAL_NULL_CONVERSION = YES;
				CLANG_WARN_OBJC_IMPLICIT_RETAIN_SELF = YES;
				CLANG_WARN_OBJC_LITERAL_CONVERSION = YES;
				CLANG_WARN_OBJC_ROOT_CLASS = YES_ERROR;
				CLANG_WARN_RANGE_LOOP_ANALYSIS = YES;
				CLANG_WARN_STRICT_PROTOTYPES = YES;
				CLANG_WARN_SUSPICIOUS_MOVE = YES;
				CLANG_WARN_UNGUARDED_AVAILABILITY = YES_AGGRESSIVE;
				CLANG_WARN_UNREACHABLE_CODE = YES;
				CLANG_WARN__DUPLICATE_METHOD_MATCH = YES;
				CODE_SIGN_IDENTITY = "iPhone Developer";
				COPY_PHASE_STRIP = NO;
				DEBUG_INFORMATION_FORMAT = dwarf;
				ENABLE_STRICT_OBJC_MSGSEND = YES;
				ENABLE_TESTABILITY = YES;
				GCC_C_LANGUAGE_STANDARD = gnu11;
				GCC_DYNAMIC_NO_PIC = NO;
				GCC_NO_COMMON_BLOCKS = YES;
				GCC_OPTIMIZATION_LEVEL = 0;
				GCC_PREPROCESSOR_DEFINITIONS = (
					"DEBUG=1",
					"$(inherited)",
				);
				GCC_WARN_64_TO_32_BIT_CONVERSION = YES;
				GCC_WARN_ABOUT_RETURN_TYPE = YES_ERROR;
				GCC_WARN_UNDECLARED_SELECTOR = YES;
				GCC_WARN_UNINITIALIZED_AUTOS = YES_AGGRESSIVE;
				GCC_WARN_UNUSED_FUNCTION = YES;
				GCC_WARN_UNUSED_VARIABLE = YES;
				IPHONEOS_DEPLOYMENT_TARGET = 12.1;
				MTL_ENABLE_DEBUG_INFO = INCLUDE_SOURCE;
				MTL_FAST_MATH = YES;
				ONLY_ACTIVE_ARCH = YES;
				SDKROOT = iphoneos;
				SWIFT_ACTIVE_COMPILATION_CONDITIONS = DEBUG;
				SWIFT_OPTIMIZATION_LEVEL = "-Onone";
			};
			name = Debug;
		};
		AF116B4C21C156B400D15E7E /* Release */ = {
			isa = XCBuildConfiguration;
			buildSettings = {
				ALWAYS_SEARCH_USER_PATHS = NO;
				CLANG_ANALYZER_NONNULL = YES;
				CLANG_ANALYZER_NUMBER_OBJECT_CONVERSION = YES_AGGRESSIVE;
				CLANG_CXX_LANGUAGE_STANDARD = "gnu++14";
				CLANG_CXX_LIBRARY = "libc++";
				CLANG_ENABLE_MODULES = YES;
				CLANG_ENABLE_OBJC_ARC = YES;
				CLANG_ENABLE_OBJC_WEAK = YES;
				CLANG_WARN_BLOCK_CAPTURE_AUTORELEASING = YES;
				CLANG_WARN_BOOL_CONVERSION = YES;
				CLANG_WARN_COMMA = YES;
				CLANG_WARN_CONSTANT_CONVERSION = YES;
				CLANG_WARN_DEPRECATED_OBJC_IMPLEMENTATIONS = YES;
				CLANG_WARN_DIRECT_OBJC_ISA_USAGE = YES_ERROR;
				CLANG_WARN_DOCUMENTATION_COMMENTS = YES;
				CLANG_WARN_EMPTY_BODY = YES;
				CLANG_WARN_ENUM_CONVERSION = YES;
				CLANG_WARN_INFINITE_RECURSION = YES;
				CLANG_WARN_INT_CONVERSION = YES;
				CLANG_WARN_NON_LITERAL_NULL_CONVERSION = YES;
				CLANG_WARN_OBJC_IMPLICIT_RETAIN_SELF = YES;
				CLANG_WARN_OBJC_LITERAL_CONVERSION = YES;
				CLANG_WARN_OBJC_ROOT_CLASS = YES_ERROR;
				CLANG_WARN_RANGE_LOOP_ANALYSIS = YES;
				CLANG_WARN_STRICT_PROTOTYPES = YES;
				CLANG_WARN_SUSPICIOUS_MOVE = YES;
				CLANG_WARN_UNGUARDED_AVAILABILITY = YES_AGGRESSIVE;
				CLANG_WARN_UNREACHABLE_CODE = YES;
				CLANG_WARN__DUPLICATE_METHOD_MATCH = YES;
				CODE_SIGN_IDENTITY = "iPhone Developer";
				COPY_PHASE_STRIP = NO;
				DEBUG_INFORMATION_FORMAT = "dwarf-with-dsym";
				ENABLE_NS_ASSERTIONS = NO;
				ENABLE_STRICT_OBJC_MSGSEND = YES;
				GCC_C_LANGUAGE_STANDARD = gnu11;
				GCC_NO_COMMON_BLOCKS = YES;
				GCC_WARN_64_TO_32_BIT_CONVERSION = YES;
				GCC_WARN_ABOUT_RETURN_TYPE = YES_ERROR;
				GCC_WARN_UNDECLARED_SELECTOR = YES;
				GCC_WARN_UNINITIALIZED_AUTOS = YES_AGGRESSIVE;
				GCC_WARN_UNUSED_FUNCTION = YES;
				GCC_WARN_UNUSED_VARIABLE = YES;
				IPHONEOS_DEPLOYMENT_TARGET = 12.1;
				MTL_ENABLE_DEBUG_INFO = NO;
				MTL_FAST_MATH = YES;
				SDKROOT = iphoneos;
				SWIFT_COMPILATION_MODE = wholemodule;
				SWIFT_OPTIMIZATION_LEVEL = "-O";
				VALIDATE_PRODUCT = YES;
			};
			name = Release;
		};
		AF116B4E21C156B400D15E7E /* Debug */ = {
			isa = XCBuildConfiguration;
			baseConfigurationReference = EFDA009D3900C2738A34E4B6 /* Pods-WhatsNew.debug.xcconfig */;
			buildSettings = {
				ASSETCATALOG_COMPILER_APPICON_NAME = AppIcon;
				CODE_SIGN_STYLE = Automatic;
				DEVELOPMENT_TEAM = KM569NM77P;
				INFOPLIST_FILE = WhatsNew/Info.plist;
				LD_RUNPATH_SEARCH_PATHS = (
					"$(inherited)",
					"@executable_path/Frameworks",
				);
				PRODUCT_BUNDLE_IDENTIFIER = com.vngrs.WhatsNew;
				PRODUCT_NAME = "$(TARGET_NAME)";
				SWIFT_VERSION = 4.2;
				TARGETED_DEVICE_FAMILY = "1,2";
			};
			name = Debug;
		};
		AF116B4F21C156B400D15E7E /* Release */ = {
			isa = XCBuildConfiguration;
			baseConfigurationReference = 35D81355A373F3C919008881 /* Pods-WhatsNew.release.xcconfig */;
			buildSettings = {
				ASSETCATALOG_COMPILER_APPICON_NAME = AppIcon;
				CODE_SIGN_STYLE = Automatic;
				DEVELOPMENT_TEAM = KM569NM77P;
				INFOPLIST_FILE = WhatsNew/Info.plist;
				LD_RUNPATH_SEARCH_PATHS = (
					"$(inherited)",
					"@executable_path/Frameworks",
				);
				PRODUCT_BUNDLE_IDENTIFIER = com.vngrs.WhatsNew;
				PRODUCT_NAME = "$(TARGET_NAME)";
				SWIFT_VERSION = 4.2;
				TARGETED_DEVICE_FAMILY = "1,2";
			};
			name = Release;
		};
/* End XCBuildConfiguration section */

/* Begin XCConfigurationList section */
		AF116B3621C156B100D15E7E /* Build configuration list for PBXProject "WhatsNew" */ = {
			isa = XCConfigurationList;
			buildConfigurations = (
				AF116B4B21C156B400D15E7E /* Debug */,
				AF116B4C21C156B400D15E7E /* Release */,
			);
			defaultConfigurationIsVisible = 0;
			defaultConfigurationName = Release;
		};
		AF116B4D21C156B400D15E7E /* Build configuration list for PBXNativeTarget "WhatsNew" */ = {
			isa = XCConfigurationList;
			buildConfigurations = (
				AF116B4E21C156B400D15E7E /* Debug */,
				AF116B4F21C156B400D15E7E /* Release */,
			);
			defaultConfigurationIsVisible = 0;
			defaultConfigurationName = Release;
		};
/* End XCConfigurationList section */
	};
	rootObject = AF116B3321C156B100D15E7E /* Project object */;
}
